
Microsoft Visual Studio Solution File, Format Version 12.00
# Visual Studio Version 16
VisualStudioVersion = 16.0.30002.166
MinimumVisualStudioVersion = 10.0.40219.1
Project("{FAE04EC0-301F-11D3-BF4B-00C04F79EFBC}") = "CensusAnalyzer", "CensusAnalyzer.csproj", "{665E2674-8FB4-4A72-9E1F-BEB077FE5CA3}"
EndProject
Project("{FAE04EC0-301F-11D3-BF4B-00C04F79EFBC}") = "CensusAnalyzerTest", "CensusAnalyzerTest\CensusAnalyzerTest.csproj", "{ED4AE3DE-B547-44E8-AE46-CC452C51FEA7}"
EndProject
Global
	GlobalSection(SolutionConfigurationPlatforms) = preSolution
		Debug|Any CPU = Debug|Any CPU
		Release|Any CPU = Release|Any CPU
	EndGlobalSection
	GlobalSection(ProjectConfigurationPlatforms) = postSolution
		{665E2674-8FB4-4A72-9E1F-BEB077FE5CA3}.Debug|Any CPU.ActiveCfg = Debug|Any CPU
		{665E2674-8FB4-4A72-9E1F-BEB077FE5CA3}.Debug|Any CPU.Build.0 = Debug|Any CPU
		{665E2674-8FB4-4A72-9E1F-BEB077FE5CA3}.Release|Any CPU.ActiveCfg = Release|Any CPU
		{665E2674-8FB4-4A72-9E1F-BEB077FE5CA3}.Release|Any CPU.Build.0 = Release|Any CPU
		{ED4AE3DE-B547-44E8-AE46-CC452C51FEA7}.Debug|Any CPU.ActiveCfg = Debug|Any CPU
		{ED4AE3DE-B547-44E8-AE46-CC452C51FEA7}.Debug|Any CPU.Build.0 = Debug|Any CPU
		{ED4AE3DE-B547-44E8-AE46-CC452C51FEA7}.Release|Any CPU.ActiveCfg = Release|Any CPU
		{ED4AE3DE-B547-44E8-AE46-CC452C51FEA7}.Release|Any CPU.Build.0 = Release|Any CPU
	EndGlobalSection
	GlobalSection(SolutionProperties) = preSolution
		HideSolutionNode = FALSE
	EndGlobalSection
	GlobalSection(ExtensibilityGlobals) = postSolution
		SolutionGuid = {11CAA8B1-EBFF-4417-97F3-A88FC2C01B6F}
	EndGlobalSection
EndGlobal
